
Microsoft Visual Studio Solution File, Format Version 12.00
# Visual Studio Version 16
VisualStudioVersion = 16.0.31220.234
MinimumVisualStudioVersion = 10.0.40219.1
Project("{9A19103F-16F7-4668-BE54-9A1E7A4F7556}") = "HelloMauiBlazor", "HelloMauiBlazor\HelloMauiBlazor.csproj", "{EB8ABFBA-95DD-4038-B9F5-198E9D49B6CF}"
EndProject
Project("{9A19103F-16F7-4668-BE54-9A1E7A4F7556}") = "HelloMauiBlazor.WinUI", "HelloMauiBlazor.WinUI\HelloMauiBlazor.WinUI.csproj", "{1A4B2A83-1525-4C37-86D6-01A8E358CCC8}"
EndProject
Global
	GlobalSection(SolutionConfigurationPlatforms) = preSolution
		Debug|Any CPU = Debug|Any CPU
		Release|Any CPU = Release|Any CPU
	EndGlobalSection
	GlobalSection(ProjectConfigurationPlatforms) = postSolution
		{EB8ABFBA-95DD-4038-B9F5-198E9D49B6CF}.Debug|Any CPU.ActiveCfg = Debug|Any CPU
		{EB8ABFBA-95DD-4038-B9F5-198E9D49B6CF}.Debug|Any CPU.Build.0 = Debug|Any CPU
		{EB8ABFBA-95DD-4038-B9F5-198E9D49B6CF}.Debug|Any CPU.Deploy.0 = Debug|Any CPU
		{EB8ABFBA-95DD-4038-B9F5-198E9D49B6CF}.Release|Any CPU.ActiveCfg = Release|Any CPU
		{EB8ABFBA-95DD-4038-B9F5-198E9D49B6CF}.Release|Any CPU.Build.0 = Release|Any CPU
		{EB8ABFBA-95DD-4038-B9F5-198E9D49B6CF}.Release|Any CPU.Deploy.0 = Release|Any CPU
		{1A4B2A83-1525-4C37-86D6-01A8E358CCC8}.Debug|Any CPU.ActiveCfg = Debug|Any CPU
		{1A4B2A83-1525-4C37-86D6-01A8E358CCC8}.Debug|Any CPU.Build.0 = Debug|Any CPU
		{1A4B2A83-1525-4C37-86D6-01A8E358CCC8}.Debug|Any CPU.Deploy.0 = Debug|Any CPU
		{1A4B2A83-1525-4C37-86D6-01A8E358CCC8}.Release|Any CPU.ActiveCfg = Release|Any CPU
		{1A4B2A83-1525-4C37-86D6-01A8E358CCC8}.Release|Any CPU.Build.0 = Release|Any CPU
		{1A4B2A83-1525-4C37-86D6-01A8E358CCC8}.Release|Any CPU.Deploy.0 = Release|Any CPU
	EndGlobalSection
	GlobalSection(SolutionProperties) = preSolution
		HideSolutionNode = FALSE
	EndGlobalSection
	GlobalSection(ExtensibilityGlobals) = postSolution
		SolutionGuid = {61F7FB11-1E47-470C-91E2-47F8143E1572}
	EndGlobalSection
EndGlobal
